
Microsoft Visual Studio Solution File, Format Version 12.00
# Visual Studio Version 17
VisualStudioVersion = 17.3.32929.385
MinimumVisualStudioVersion = 10.0.40219.1
Project("{FAE04EC0-301F-11D3-BF4B-00C04F79EFBC}") = "ball control", "ball control\ball control.csproj", "{DDE12A24-9C70-4359-AD76-6C41D12F7A02}"
EndProject
Global
	GlobalSection(SolutionConfigurationPlatforms) = preSolution
		Debug|Any CPU = Debug|Any CPU
		Release|Any CPU = Release|Any CPU
	EndGlobalSection
	GlobalSection(ProjectConfigurationPlatforms) = postSolution
		{DDE12A24-9C70-4359-AD76-6C41D12F7A02}.Debug|Any CPU.ActiveCfg = Debug|Any CPU
		{DDE12A24-9C70-4359-AD76-6C41D12F7A02}.Debug|Any CPU.Build.0 = Debug|Any CPU
		{DDE12A24-9C70-4359-AD76-6C41D12F7A02}.Release|Any CPU.ActiveCfg = Release|Any CPU
		{DDE12A24-9C70-4359-AD76-6C41D12F7A02}.Release|Any CPU.Build.0 = Release|Any CPU
	EndGlobalSection
	GlobalSection(SolutionProperties) = preSolution
		HideSolutionNode = FALSE
	EndGlobalSection
	GlobalSection(ExtensibilityGlobals) = postSolution
		SolutionGuid = {57013BA0-A7EF-4910-A901-A209C8675695}
	EndGlobalSection
EndGlobal
